
Microsoft Visual Studio Solution File, Format Version 12.00
# Visual Studio Version 17
VisualStudioVersion = 17.10.35122.118
MinimumVisualStudioVersion = 10.0.40219.1
Project("{FAE04EC0-301F-11D3-BF4B-00C04F79EFBC}") = "inf2010s_semesterProject", "inf2010s_semesterProject.csproj", "{D081363A-7C8F-4BC3-B6FB-BB3357F9A9AB}"
EndProject
Global
	GlobalSection(SolutionConfigurationPlatforms) = preSolution
		Debug|Any CPU = Debug|Any CPU
		Release|Any CPU = Release|Any CPU
	EndGlobalSection
	GlobalSection(ProjectConfigurationPlatforms) = postSolution
		{D081363A-7C8F-4BC3-B6FB-BB3357F9A9AB}.Debug|Any CPU.ActiveCfg = Debug|Any CPU
		{D081363A-7C8F-4BC3-B6FB-BB3357F9A9AB}.Debug|Any CPU.Build.0 = Debug|Any CPU
		{D081363A-7C8F-4BC3-B6FB-BB3357F9A9AB}.Release|Any CPU.ActiveCfg = Release|Any CPU
		{D081363A-7C8F-4BC3-B6FB-BB3357F9A9AB}.Release|Any CPU.Build.0 = Release|Any CPU
	EndGlobalSection
	GlobalSection(SolutionProperties) = preSolution
		HideSolutionNode = FALSE
	EndGlobalSection
	GlobalSection(ExtensibilityGlobals) = postSolution
		SolutionGuid = {5DD46341-0B5D-4E0D-B43B-349168DAE94E}
	EndGlobalSection
EndGlobal
